// !$*UTF8*$!
{
	archiveVersion = 1;
	classes = {
	};
	objectVersion = 50;
	objects = {

/* Begin PBXBuildFile section */
		46F35F1524ACAD1300DC92C3 /* AppDelegate.swift in Sources */ = {isa = PBXBuildFile; fileRef = 46F35F1424ACAD1300DC92C3 /* AppDelegate.swift */; };
		46F35F1724ACAD1300DC92C3 /* SceneDelegate.swift in Sources */ = {isa = PBXBuildFile; fileRef = 46F35F1624ACAD1300DC92C3 /* SceneDelegate.swift */; };
		46F35F1924ACAD1300DC92C3 /* ViewController.swift in Sources */ = {isa = PBXBuildFile; fileRef = 46F35F1824ACAD1300DC92C3 /* ViewController.swift */; };
		46F35F1C24ACAD1300DC92C3 /* Main.storyboard in Resources */ = {isa = PBXBuildFile; fileRef = 46F35F1A24ACAD1300DC92C3 /* Main.storyboard */; };
		46F35F1E24ACAD1800DC92C3 /* Assets.xcassets in Resources */ = {isa = PBXBuildFile; fileRef = 46F35F1D24ACAD1800DC92C3 /* Assets.xcassets */; };
		46F35F2124ACAD1800DC92C3 /* LaunchScreen.storyboard in Resources */ = {isa = PBXBuildFile; fileRef = 46F35F1F24ACAD1800DC92C3 /* LaunchScreen.storyboard */; };
		46F35F2B24ACB62D00DC92C3 /* netfox_ios.framework in Frameworks */ = {isa = PBXBuildFile; fileRef = 46F35F2924ACB62D00DC92C3 /* netfox_ios.framework */; };
		46F35F2C24ACB62D00DC92C3 /* netfox_ios.framework in Embed Frameworks */ = {isa = PBXBuildFile; fileRef = 46F35F2924ACB62D00DC92C3 /* netfox_ios.framework */; settings = {ATTRIBUTES = (CodeSignOnCopy, RemoveHeadersOnCopy, ); }; };
		46F35F2D24ACB62D00DC92C3 /* Alamofire.framework in Frameworks */ = {isa = PBXBuildFile; fileRef = 46F35F2A24ACB62D00DC92C3 /* Alamofire.framework */; };
		46F35F2E24ACB62D00DC92C3 /* Alamofire.framework in Embed Frameworks */ = {isa = PBXBuildFile; fileRef = 46F35F2A24ACB62D00DC92C3 /* Alamofire.framework */; settings = {ATTRIBUTES = (CodeSignOnCopy, RemoveHeadersOnCopy, ); }; };
		46F35F3424ACBB5E00DC92C3 /* Kingfisher.framework in Embed Frameworks */ = {isa = PBXBuildFile; fileRef = 46F35F3324ACBB5E00DC92C3 /* Kingfisher.framework */; settings = {ATTRIBUTES = (CodeSignOnCopy, RemoveHeadersOnCopy, ); }; };
/* End PBXBuildFile section */

/* Begin PBXCopyFilesBuildPhase section */
		46F35F2F24ACB62D00DC92C3 /* Embed Frameworks */ = {
			isa = PBXCopyFilesBuildPhase;
			buildActionMask = 2147483647;
			dstPath = "";
			dstSubfolderSpec = 10;
			files = (
				46F35F2C24ACB62D00DC92C3 /* netfox_ios.framework in Embed Frameworks */,
				46F35F2E24ACB62D00DC92C3 /* Alamofire.framework in Embed Frameworks */,
				46F35F3424ACBB5E00DC92C3 /* Kingfisher.framework in Embed Frameworks */,
			);
			name = "Embed Frameworks";
			runOnlyForDeploymentPostprocessing = 0;
		};
/* End PBXCopyFilesBuildPhase section */

/* Begin PBXFileReference section */
		46F35F1124ACAD1300DC92C3 /* MovieKita.app */ = {isa = PBXFileReference; explicitFileType = wrapper.application; includeInIndex = 0; path = MovieKita.app; sourceTree = BUILT_PRODUCTS_DIR; };
		46F35F1424ACAD1300DC92C3 /* AppDelegate.swift */ = {isa = PBXFileReference; lastKnownFileType = sourcecode.swift; path = AppDelegate.swift; sourceTree = "<group>"; };
		46F35F1624ACAD1300DC92C3 /* SceneDelegate.swift */ = {isa = PBXFileReference; lastKnownFileType = sourcecode.swift; path = SceneDelegate.swift; sourceTree = "<group>"; };
		46F35F1824ACAD1300DC92C3 /* ViewController.swift */ = {isa = PBXFileReference; lastKnownFileType = sourcecode.swift; path = ViewController.swift; sourceTree = "<group>"; };
		46F35F1B24ACAD1300DC92C3 /* Base */ = {isa = PBXFileReference; lastKnownFileType = file.storyboard; name = Base; path = Base.lproj/Main.storyboard; sourceTree = "<group>"; };
		46F35F1D24ACAD1800DC92C3 /* Assets.xcassets */ = {isa = PBXFileReference; lastKnownFileType = folder.assetcatalog; path = Assets.xcassets; sourceTree = "<group>"; };
		46F35F2024ACAD1800DC92C3 /* Base */ = {isa = PBXFileReference; lastKnownFileType = file.storyboard; name = Base; path = Base.lproj/LaunchScreen.storyboard; sourceTree = "<group>"; };
		46F35F2224ACAD1800DC92C3 /* Info.plist */ = {isa = PBXFileReference; lastKnownFileType = text.plist.xml; path = Info.plist; sourceTree = "<group>"; };
		46F35F2924ACB62D00DC92C3 /* netfox_ios.framework */ = {isa = PBXFileReference; lastKnownFileType = wrapper.framework; name = netfox_ios.framework; path = Carthage/Build/iOS/netfox_ios.framework; sourceTree = "<group>"; };
		46F35F2A24ACB62D00DC92C3 /* Alamofire.framework */ = {isa = PBXFileReference; lastKnownFileType = wrapper.framework; name = Alamofire.framework; path = Carthage/Build/iOS/Alamofire.framework; sourceTree = "<group>"; };
		46F35F3324ACBB5E00DC92C3 /* Kingfisher.framework */ = {isa = PBXFileReference; lastKnownFileType = wrapper.framework; name = Kingfisher.framework; path = Carthage/Build/iOS/Kingfisher.framework; sourceTree = "<group>"; };
/* End PBXFileReference section */

/* Begin PBXFrameworksBuildPhase section */
		46F35F0E24ACAD1300DC92C3 /* Frameworks */ = {
			isa = PBXFrameworksBuildPhase;
			buildActionMask = 2147483647;
			files = (
				46F35F2B24ACB62D00DC92C3 /* netfox_ios.framework in Frameworks */,
				46F35F2D24ACB62D00DC92C3 /* Alamofire.framework in Frameworks */,
			);
			runOnlyForDeploymentPostprocessing = 0;
		};
/* End PBXFrameworksBuildPhase section */

/* Begin PBXGroup section */
		46F35F0824ACAD1300DC92C3 = {
			isa = PBXGroup;
			children = (
				46F35F3324ACBB5E00DC92C3 /* Kingfisher.framework */,
				46F35F1324ACAD1300DC92C3 /* MovieKita */,
				46F35F1224ACAD1300DC92C3 /* Products */,
				46F35F2824ACB62D00DC92C3 /* Frameworks */,
			);
			sourceTree = "<group>";
		};
		46F35F1224ACAD1300DC92C3 /* Products */ = {
			isa = PBXGroup;
			children = (
				46F35F1124ACAD1300DC92C3 /* MovieKita.app */,
			);
			name = Products;
			sourceTree = "<group>";
		};
		46F35F1324ACAD1300DC92C3 /* MovieKita */ = {
			isa = PBXGroup;
			children = (
				46F35F1424ACAD1300DC92C3 /* AppDelegate.swift */,
				46F35F1624ACAD1300DC92C3 /* SceneDelegate.swift */,
				46F35F1824ACAD1300DC92C3 /* ViewController.swift */,
				46F35F1A24ACAD1300DC92C3 /* Main.storyboard */,
				46F35F1D24ACAD1800DC92C3 /* Assets.xcassets */,
				46F35F1F24ACAD1800DC92C3 /* LaunchScreen.storyboard */,
				46F35F2224ACAD1800DC92C3 /* Info.plist */,
			);
			path = MovieKita;
			sourceTree = "<group>";
		};
		46F35F2824ACB62D00DC92C3 /* Frameworks */ = {
			isa = PBXGroup;
			children = (
				46F35F2A24ACB62D00DC92C3 /* Alamofire.framework */,
				46F35F2924ACB62D00DC92C3 /* netfox_ios.framework */,
			);
			name = Frameworks;
			sourceTree = "<group>";
		};
/* End PBXGroup section */

/* Begin PBXNativeTarget section */
		46F35F1024ACAD1300DC92C3 /* MovieKita */ = {
			isa = PBXNativeTarget;
			buildConfigurationList = 46F35F2524ACAD1800DC92C3 /* Build configuration list for PBXNativeTarget "MovieKita" */;
			buildPhases = (
				46F35F0D24ACAD1300DC92C3 /* Sources */,
				46F35F0E24ACAD1300DC92C3 /* Frameworks */,
				46F35F0F24ACAD1300DC92C3 /* Resources */,
				46F35F2F24ACB62D00DC92C3 /* Embed Frameworks */,
				46F35F3024ACB67E00DC92C3 /* Carthage */,
			);
			buildRules = (
			);
			dependencies = (
			);
			name = MovieKita;
			productName = MovieKita;
			productReference = 46F35F1124ACAD1300DC92C3 /* MovieKita.app */;
			productType = "com.apple.product-type.application";
		};
/* End PBXNativeTarget section */

/* Begin PBXProject section */
		46F35F0924ACAD1300DC92C3 /* Project object */ = {
			isa = PBXProject;
			attributes = {
				LastSwiftUpdateCheck = 1130;
				LastUpgradeCheck = 1130;
				ORGANIZATIONNAME = "Stevanus Prasetyo Soemadi";
				TargetAttributes = {
					46F35F1024ACAD1300DC92C3 = {
						CreatedOnToolsVersion = 11.3.1;
					};
				};
			};
			buildConfigurationList = 46F35F0C24ACAD1300DC92C3 /* Build configuration list for PBXProject "MovieKita" */;
			compatibilityVersion = "Xcode 9.3";
			developmentRegion = en;
			hasScannedForEncodings = 0;
			knownRegions = (
				en,
				Base,
			);
			mainGroup = 46F35F0824ACAD1300DC92C3;
			productRefGroup = 46F35F1224ACAD1300DC92C3 /* Products */;
			projectDirPath = "";
			projectRoot = "";
			targets = (
				46F35F1024ACAD1300DC92C3 /* MovieKita */,
			);
		};
/* End PBXProject section */

/* Begin PBXResourcesBuildPhase section */
		46F35F0F24ACAD1300DC92C3 /* Resources */ = {
			isa = PBXResourcesBuildPhase;
			buildActionMask = 2147483647;
			files = (
				46F35F2124ACAD1800DC92C3 /* LaunchScreen.storyboard in Resources */,
				46F35F1E24ACAD1800DC92C3 /* Assets.xcassets in Resources */,
				46F35F1C24ACAD1300DC92C3 /* Main.storyboard in Resources */,
			);
			runOnlyForDeploymentPostprocessing = 0;
		};
/* End PBXResourcesBuildPhase section */

/* Begin PBXShellScriptBuildPhase section */
		46F35F3024ACB67E00DC92C3 /* Carthage */ = {
			isa = PBXShellScriptBuildPhase;
			buildActionMask = 12;
			files = (
			);
			inputFileListPaths = (
			);
			inputPaths = (
				"$(SRCROOT)/Carthage/Build/iOS/Alamofire.framework",
				"$(SRCROOT)/Carthage/Build/iOS/netfox_ios.framework",
				"$(SRCROOT)/Carthage/Build/iOS/Kingfisher.framework",
			);
			name = Carthage;
			outputFileListPaths = (
			);
			outputPaths = (
				"",
			);
			runOnlyForDeploymentPostprocessing = 0;
			shellPath = /bin/sh;
			shellScript = "carthage copy-frameworks\n";
		};
/* End PBXShellScriptBuildPhase section */

/* Begin PBXSourcesBuildPhase section */
		46F35F0D24ACAD1300DC92C3 /* Sources */ = {
			isa = PBXSourcesBuildPhase;
			buildActionMask = 2147483647;
			files = (
				46F35F1924ACAD1300DC92C3 /* ViewController.swift in Sources */,
				46F35F1524ACAD1300DC92C3 /* AppDelegate.swift in Sources */,
				46F35F1724ACAD1300DC92C3 /* SceneDelegate.swift in Sources */,
			);
			runOnlyForDeploymentPostprocessing = 0;
		};
/* End PBXSourcesBuildPhase section */

/* Begin PBXVariantGroup section */
		46F35F1A24ACAD1300DC92C3 /* Main.storyboard */ = {
			isa = PBXVariantGroup;
			children = (
				46F35F1B24ACAD1300DC92C3 /* Base */,
			);
			name = Main.storyboard;
			sourceTree = "<group>";
		};
		46F35F1F24ACAD1800DC92C3 /* LaunchScreen.storyboard */ = {
			isa = PBXVariantGroup;
			children = (
				46F35F2024ACAD1800DC92C3 /* Base */,
			);
			name = LaunchScreen.storyboard;
			sourceTree = "<group>";
		};
/* End PBXVariantGroup section */

/* Begin XCBuildConfiguration section */
		46F35F2324ACAD1800DC92C3 /* Debug */ = {
			isa = XCBuildConfiguration;
			buildSettings = {
				ALWAYS_SEARCH_USER_PATHS = NO;
				CLANG_ANALYZER_NONNULL = YES;
				CLANG_ANALYZER_NUMBER_OBJECT_CONVERSION = YES_AGGRESSIVE;
				CLANG_CXX_LANGUAGE_STANDARD = "gnu++14";
				CLANG_CXX_LIBRARY = "libc++";
				CLANG_ENABLE_MODULES = YES;
				CLANG_ENABLE_OBJC_ARC = YES;
				CLANG_ENABLE_OBJC_WEAK = YES;
				CLANG_WARN_BLOCK_CAPTURE_AUTORELEASING = YES;
				CLANG_WARN_BOOL_CONVERSION = YES;
				CLANG_WARN_COMMA = YES;
				CLANG_WARN_CONSTANT_CONVERSION = YES;
				CLANG_WARN_DEPRECATED_OBJC_IMPLEMENTATIONS = YES;
				CLANG_WARN_DIRECT_OBJC_ISA_USAGE = YES_ERROR;
				CLANG_WARN_DOCUMENTATION_COMMENTS = YES;
				CLANG_WARN_EMPTY_BODY = YES;
				CLANG_WARN_ENUM_CONVERSION = YES;
				CLANG_WARN_INFINITE_RECURSION = YES;
				CLANG_WARN_INT_CONVERSION = YES;
				CLANG_WARN_NON_LITERAL_NULL_CONVERSION = YES;
				CLANG_WARN_OBJC_IMPLICIT_RETAIN_SELF = YES;
				CLANG_WARN_OBJC_LITERAL_CONVERSION = YES;
				CLANG_WARN_OBJC_ROOT_CLASS = YES_ERROR;
				CLANG_WARN_RANGE_LOOP_ANALYSIS = YES;
				CLANG_WARN_STRICT_PROTOTYPES = YES;
				CLANG_WARN_SUSPICIOUS_MOVE = YES;
				CLANG_WARN_UNGUARDED_AVAILABILITY = YES_AGGRESSIVE;
				CLANG_WARN_UNREACHABLE_CODE = YES;
				CLANG_WARN__DUPLICATE_METHOD_MATCH = YES;
				COPY_PHASE_STRIP = NO;
				DEBUG_INFORMATION_FORMAT = dwarf;
				ENABLE_STRICT_OBJC_MSGSEND = YES;
				ENABLE_TESTABILITY = YES;
				GCC_C_LANGUAGE_STANDARD = gnu11;
				GCC_DYNAMIC_NO_PIC = NO;
				GCC_NO_COMMON_BLOCKS = YES;
				GCC_OPTIMIZATION_LEVEL = 0;
				GCC_PREPROCESSOR_DEFINITIONS = (
					"DEBUG=1",
					"$(inherited)",
				);
				GCC_WARN_64_TO_32_BIT_CONVERSION = YES;
				GCC_WARN_ABOUT_RETURN_TYPE = YES_ERROR;
				GCC_WARN_UNDECLARED_SELECTOR = YES;
				GCC_WARN_UNINITIALIZED_AUTOS = YES_AGGRESSIVE;
				GCC_WARN_UNUSED_FUNCTION = YES;
				GCC_WARN_UNUSED_VARIABLE = YES;
				IPHONEOS_DEPLOYMENT_TARGET = 13.2;
				MTL_ENABLE_DEBUG_INFO = INCLUDE_SOURCE;
				MTL_FAST_MATH = YES;
				ONLY_ACTIVE_ARCH = YES;
				SDKROOT = iphoneos;
				SWIFT_ACTIVE_COMPILATION_CONDITIONS = DEBUG;
				SWIFT_OPTIMIZATION_LEVEL = "-Onone";
			};
			name = Debug;
		};
		46F35F2424ACAD1800DC92C3 /* Release */ = {
			isa = XCBuildConfiguration;
			buildSettings = {
				ALWAYS_SEARCH_USER_PATHS = NO;
				CLANG_ANALYZER_NONNULL = YES;
				CLANG_ANALYZER_NUMBER_OBJECT_CONVERSION = YES_AGGRESSIVE;
				CLANG_CXX_LANGUAGE_STANDARD = "gnu++14";
				CLANG_CXX_LIBRARY = "libc++";
				CLANG_ENABLE_MODULES = YES;
				CLANG_ENABLE_OBJC_ARC = YES;
				CLANG_ENABLE_OBJC_WEAK = YES;
				CLANG_WARN_BLOCK_CAPTURE_AUTORELEASING = YES;
				CLANG_WARN_BOOL_CONVERSION = YES;
				CLANG_WARN_COMMA = YES;
				CLANG_WARN_CONSTANT_CONVERSION = YES;
				CLANG_WARN_DEPRECATED_OBJC_IMPLEMENTATIONS = YES;
				CLANG_WARN_DIRECT_OBJC_ISA_USAGE = YES_ERROR;
				CLANG_WARN_DOCUMENTATION_COMMENTS = YES;
				CLANG_WARN_EMPTY_BODY = YES;
				CLANG_WARN_ENUM_CONVERSION = YES;
				CLANG_WARN_INFINITE_RECURSION = YES;
				CLANG_WARN_INT_CONVERSION = YES;
				CLANG_WARN_NON_LITERAL_NULL_CONVERSION = YES;
				CLANG_WARN_OBJC_IMPLICIT_RETAIN_SELF = YES;
				CLANG_WARN_OBJC_LITERAL_CONVERSION = YES;
				CLANG_WARN_OBJC_ROOT_CLASS = YES_ERROR;
				CLANG_WARN_RANGE_LOOP_ANALYSIS = YES;
				CLANG_WARN_STRICT_PROTOTYPES = YES;
				CLANG_WARN_SUSPICIOUS_MOVE = YES;
				CLANG_WARN_UNGUARDED_AVAILABILITY = YES_AGGRESSIVE;
				CLANG_WARN_UNREACHABLE_CODE = YES;
				CLANG_WARN__DUPLICATE_METHOD_MATCH = YES;
				COPY_PHASE_STRIP = NO;
				DEBUG_INFORMATION_FORMAT = "dwarf-with-dsym";
				ENABLE_NS_ASSERTIONS = NO;
				ENABLE_STRICT_OBJC_MSGSEND = YES;
				GCC_C_LANGUAGE_STANDARD = gnu11;
				GCC_NO_COMMON_BLOCKS = YES;
				GCC_WARN_64_TO_32_BIT_CONVERSION = YES;
				GCC_WARN_ABOUT_RETURN_TYPE = YES_ERROR;
				GCC_WARN_UNDECLARED_SELECTOR = YES;
				GCC_WARN_UNINITIALIZED_AUTOS = YES_AGGRESSIVE;
				GCC_WARN_UNUSED_FUNCTION = YES;
				GCC_WARN_UNUSED_VARIABLE = YES;
				IPHONEOS_DEPLOYMENT_TARGET = 13.2;
				MTL_ENABLE_DEBUG_INFO = NO;
				MTL_FAST_MATH = YES;
				SDKROOT = iphoneos;
				SWIFT_COMPILATION_MODE = wholemodule;
				SWIFT_OPTIMIZATION_LEVEL = "-O";
				VALIDATE_PRODUCT = YES;
			};
			name = Release;
		};
		46F35F2624ACAD1800DC92C3 /* Debug */ = {
			isa = XCBuildConfiguration;
			buildSettings = {
				ASSETCATALOG_COMPILER_APPICON_NAME = AppIcon;
				CODE_SIGN_STYLE = Automatic;
				DEVELOPMENT_TEAM = 7PC2NP6GC3;
				FRAMEWORK_SEARCH_PATHS = (
					"$(inherited)",
					"$(PROJECT_DIR)/Carthage/Build/iOS",
				);
				INFOPLIST_FILE = MovieKita/Info.plist;
				LD_RUNPATH_SEARCH_PATHS = (
					"$(inherited)",
					"@executable_path/Frameworks",
				);
				PRODUCT_BUNDLE_IDENTIFIER = com.testflight.MovieKita;
				PRODUCT_NAME = "$(TARGET_NAME)";
				SWIFT_VERSION = 5.0;
				TARGETED_DEVICE_FAMILY = "1,2";
			};
			name = Debug;
		};
		46F35F2724ACAD1800DC92C3 /* Release */ = {
			isa = XCBuildConfiguration;
			buildSettings = {
				ASSETCATALOG_COMPILER_APPICON_NAME = AppIcon;
				CODE_SIGN_STYLE = Automatic;
				DEVELOPMENT_TEAM = 7PC2NP6GC3;
				FRAMEWORK_SEARCH_PATHS = (
					"$(inherited)",
					"$(PROJECT_DIR)/Carthage/Build/iOS",
				);
				INFOPLIST_FILE = MovieKita/Info.plist;
				LD_RUNPATH_SEARCH_PATHS = (
					"$(inherited)",
					"@executable_path/Frameworks",
				);
				PRODUCT_BUNDLE_IDENTIFIER = com.testflight.MovieKita;
				PRODUCT_NAME = "$(TARGET_NAME)";
				SWIFT_VERSION = 5.0;
				TARGETED_DEVICE_FAMILY = "1,2";
			};
			name = Release;
		};
/* End XCBuildConfiguration section */

/* Begin XCConfigurationList section */
		46F35F0C24ACAD1300DC92C3 /* Build configuration list for PBXProject "MovieKita" */ = {
			isa = XCConfigurationList;
			buildConfigurations = (
				46F35F2324ACAD1800DC92C3 /* Debug */,
				46F35F2424ACAD1800DC92C3 /* Release */,
			);
			defaultConfigurationIsVisible = 0;
			defaultConfigurationName = Release;
		};
		46F35F2524ACAD1800DC92C3 /* Build configuration list for PBXNativeTarget "MovieKita" */ = {
			isa = XCConfigurationList;
			buildConfigurations = (
				46F35F2624ACAD1800DC92C3 /* Debug */,
				46F35F2724ACAD1800DC92C3 /* Release */,
			);
			defaultConfigurationIsVisible = 0;
			defaultConfigurationName = Release;
		};
/* End XCConfigurationList section */
	};
	rootObject = 46F35F0924ACAD1300DC92C3 /* Project object */;
}
