// !$*UTF8*$!
{
	archiveVersion = 1;
	classes = {
	};
	objectVersion = 50;
	objects = {

/* Begin PBXBuildFile section */
		462FB35324AE0BDA001A165F /* NavigationController.swift in Sources */ = {isa = PBXBuildFile; fileRef = 462FB35224AE0BDA001A165F /* NavigationController.swift */; };
		462FB35524AE0C0B001A165F /* HomeViewController.swift in Sources */ = {isa = PBXBuildFile; fileRef = 462FB35424AE0C0B001A165F /* HomeViewController.swift */; };
		462FB36024AEE317001A165F /* ESPullToRefresh.framework in Frameworks */ = {isa = PBXBuildFile; fileRef = 462FB35F24AEE317001A165F /* ESPullToRefresh.framework */; };
		462FB36124AEE317001A165F /* ESPullToRefresh.framework in Embed Frameworks */ = {isa = PBXBuildFile; fileRef = 462FB35F24AEE317001A165F /* ESPullToRefresh.framework */; settings = {ATTRIBUTES = (CodeSignOnCopy, RemoveHeadersOnCopy, ); }; };
		463BF85C24AF9A7F0083A0F7 /* MovieKitaTests.swift in Sources */ = {isa = PBXBuildFile; fileRef = 463BF85B24AF9A7F0083A0F7 /* MovieKitaTests.swift */; };
		463BF86424AF9B2B0083A0F7 /* Quick.framework in Frameworks */ = {isa = PBXBuildFile; fileRef = 468AD9B924AEEAC2004B2953 /* Quick.framework */; };
		463BF86524AF9B320083A0F7 /* Nimble.framework in Frameworks */ = {isa = PBXBuildFile; fileRef = 462FB35B24AEC5BD001A165F /* Nimble.framework */; };
		463BF86724AF9BB70083A0F7 /* HomeViewModelSpec.swift in Sources */ = {isa = PBXBuildFile; fileRef = 463BF86624AF9BB70083A0F7 /* HomeViewModelSpec.swift */; };
		463BF86D24B044B60083A0F7 /* KeychainSwift.framework in Frameworks */ = {isa = PBXBuildFile; fileRef = 463BF86C24B044B60083A0F7 /* KeychainSwift.framework */; };
		463BF86E24B044B60083A0F7 /* KeychainSwift.framework in Embed Frameworks */ = {isa = PBXBuildFile; fileRef = 463BF86C24B044B60083A0F7 /* KeychainSwift.framework */; settings = {ATTRIBUTES = (CodeSignOnCopy, RemoveHeadersOnCopy, ); }; };
		463BF87124B045270083A0F7 /* CacheStorage.swift in Sources */ = {isa = PBXBuildFile; fileRef = 463BF87024B045270083A0F7 /* CacheStorage.swift */; };
		464F098F24ACBF2100EA7C14 /* Kingfisher.framework in Frameworks */ = {isa = PBXBuildFile; fileRef = 46F35F3324ACBB5E00DC92C3 /* Kingfisher.framework */; };
		4685756824AF400600726589 /* DetailMovieView.xib in Resources */ = {isa = PBXBuildFile; fileRef = 4685756724AF400500726589 /* DetailMovieView.xib */; };
		4685756A24AF404400726589 /* DetailMovieView.swift in Sources */ = {isa = PBXBuildFile; fileRef = 4685756924AF404400726589 /* DetailMovieView.swift */; };
		4685756C24AF512300726589 /* HomeDetailViewController.swift in Sources */ = {isa = PBXBuildFile; fileRef = 4685756B24AF512300726589 /* HomeDetailViewController.swift */; };
		4685756E24AF62B700726589 /* ReviewMovieCell.xib in Resources */ = {isa = PBXBuildFile; fileRef = 4685756D24AF62B700726589 /* ReviewMovieCell.xib */; };
		4685757024AF634100726589 /* ReviewMovieCell.swift in Sources */ = {isa = PBXBuildFile; fileRef = 4685756F24AF634100726589 /* ReviewMovieCell.swift */; };
		46EA175224AD7D7A0062E334 /* Movie.swift in Sources */ = {isa = PBXBuildFile; fileRef = 46EA175124AD7D7A0062E334 /* Movie.swift */; };
		46EA175624ADBCAF0062E334 /* ViewModel.swift in Sources */ = {isa = PBXBuildFile; fileRef = 46EA175524ADBCAF0062E334 /* ViewModel.swift */; };
		46EA175824ADBD470062E334 /* Helper.swift in Sources */ = {isa = PBXBuildFile; fileRef = 46EA175724ADBD470062E334 /* Helper.swift */; };
		46EA175A24ADBE070062E334 /* CollectionViewBindingUtil.swift in Sources */ = {isa = PBXBuildFile; fileRef = 46EA175924ADBE070062E334 /* CollectionViewBindingUtil.swift */; };
		46EA175C24ADBE630062E334 /* SectionedSourceProtocol.swift in Sources */ = {isa = PBXBuildFile; fileRef = 46EA175B24ADBE630062E334 /* SectionedSourceProtocol.swift */; };
		46EA175E24ADBFE10062E334 /* FactoryProtocol.swift in Sources */ = {isa = PBXBuildFile; fileRef = 46EA175D24ADBFE10062E334 /* FactoryProtocol.swift */; };
		46EA176124ADC2F60062E334 /* MainMovieCell.xib in Resources */ = {isa = PBXBuildFile; fileRef = 46EA176024ADC2F60062E334 /* MainMovieCell.xib */; };
		46EA176324ADDC9B0062E334 /* MainMovieCell.swift in Sources */ = {isa = PBXBuildFile; fileRef = 46EA176224ADDC9B0062E334 /* MainMovieCell.swift */; };
		46F35F1524ACAD1300DC92C3 /* AppDelegate.swift in Sources */ = {isa = PBXBuildFile; fileRef = 46F35F1424ACAD1300DC92C3 /* AppDelegate.swift */; };
		46F35F1724ACAD1300DC92C3 /* SceneDelegate.swift in Sources */ = {isa = PBXBuildFile; fileRef = 46F35F1624ACAD1300DC92C3 /* SceneDelegate.swift */; };
		46F35F1924ACAD1300DC92C3 /* ViewController.swift in Sources */ = {isa = PBXBuildFile; fileRef = 46F35F1824ACAD1300DC92C3 /* ViewController.swift */; };
		46F35F1C24ACAD1300DC92C3 /* Main.storyboard in Resources */ = {isa = PBXBuildFile; fileRef = 46F35F1A24ACAD1300DC92C3 /* Main.storyboard */; };
		46F35F1E24ACAD1800DC92C3 /* Assets.xcassets in Resources */ = {isa = PBXBuildFile; fileRef = 46F35F1D24ACAD1800DC92C3 /* Assets.xcassets */; };
		46F35F2124ACAD1800DC92C3 /* LaunchScreen.storyboard in Resources */ = {isa = PBXBuildFile; fileRef = 46F35F1F24ACAD1800DC92C3 /* LaunchScreen.storyboard */; };
		46F35F2B24ACB62D00DC92C3 /* netfox_ios.framework in Frameworks */ = {isa = PBXBuildFile; fileRef = 46F35F2924ACB62D00DC92C3 /* netfox_ios.framework */; };
		46F35F2C24ACB62D00DC92C3 /* netfox_ios.framework in Embed Frameworks */ = {isa = PBXBuildFile; fileRef = 46F35F2924ACB62D00DC92C3 /* netfox_ios.framework */; settings = {ATTRIBUTES = (CodeSignOnCopy, RemoveHeadersOnCopy, ); }; };
		46F35F2D24ACB62D00DC92C3 /* Alamofire.framework in Frameworks */ = {isa = PBXBuildFile; fileRef = 46F35F2A24ACB62D00DC92C3 /* Alamofire.framework */; };
		46F35F2E24ACB62D00DC92C3 /* Alamofire.framework in Embed Frameworks */ = {isa = PBXBuildFile; fileRef = 46F35F2A24ACB62D00DC92C3 /* Alamofire.framework */; settings = {ATTRIBUTES = (CodeSignOnCopy, RemoveHeadersOnCopy, ); }; };
		46F35F3424ACBB5E00DC92C3 /* Kingfisher.framework in Embed Frameworks */ = {isa = PBXBuildFile; fileRef = 46F35F3324ACBB5E00DC92C3 /* Kingfisher.framework */; settings = {ATTRIBUTES = (CodeSignOnCopy, RemoveHeadersOnCopy, ); }; };
		46FD20FE24ACCD5200B10433 /* ReactiveSwift.framework in Frameworks */ = {isa = PBXBuildFile; fileRef = 46FD20FD24ACCD5200B10433 /* ReactiveSwift.framework */; };
		46FD210024ACCD5800B10433 /* RxSwift.framework in Frameworks */ = {isa = PBXBuildFile; fileRef = 46FD20FF24ACCD5800B10433 /* RxSwift.framework */; };
		46FD210224ACCD6100B10433 /* Moya.framework in Frameworks */ = {isa = PBXBuildFile; fileRef = 46FD210124ACCD6100B10433 /* Moya.framework */; };
		46FD210324ACCE0800B10433 /* Moya.framework in Embed Frameworks */ = {isa = PBXBuildFile; fileRef = 46FD210124ACCD6100B10433 /* Moya.framework */; settings = {ATTRIBUTES = (CodeSignOnCopy, RemoveHeadersOnCopy, ); }; };
		46FD210424ACCE0C00B10433 /* RxSwift.framework in Embed Frameworks */ = {isa = PBXBuildFile; fileRef = 46FD20FF24ACCD5800B10433 /* RxSwift.framework */; settings = {ATTRIBUTES = (CodeSignOnCopy, RemoveHeadersOnCopy, ); }; };
		46FD210524ACCE0F00B10433 /* ReactiveSwift.framework in Embed Frameworks */ = {isa = PBXBuildFile; fileRef = 46FD20FD24ACCD5200B10433 /* ReactiveSwift.framework */; settings = {ATTRIBUTES = (CodeSignOnCopy, RemoveHeadersOnCopy, ); }; };
		46FD210824ACCEBF00B10433 /* APIProvider.swift in Sources */ = {isa = PBXBuildFile; fileRef = 46FD210724ACCEBF00B10433 /* APIProvider.swift */; };
		46FD210A24ACCF2500B10433 /* API.swift in Sources */ = {isa = PBXBuildFile; fileRef = 46FD210924ACCF2500B10433 /* API.swift */; };
		46FD210C24ACCFCF00B10433 /* APIFactory.swift in Sources */ = {isa = PBXBuildFile; fileRef = 46FD210B24ACCFCF00B10433 /* APIFactory.swift */; };
		46FD210E24ACD05A00B10433 /* Constants.swift in Sources */ = {isa = PBXBuildFile; fileRef = 46FD210D24ACD05A00B10433 /* Constants.swift */; };
		46FD211024ACD24200B10433 /* ServiceAPI.swift in Sources */ = {isa = PBXBuildFile; fileRef = 46FD210F24ACD24200B10433 /* ServiceAPI.swift */; };
		46FD211324ACD3C000B10433 /* Token.swift in Sources */ = {isa = PBXBuildFile; fileRef = 46FD211224ACD3C000B10433 /* Token.swift */; };
		46FD211524ACDAC300B10433 /* Argo.framework in Frameworks */ = {isa = PBXBuildFile; fileRef = 46FD211424ACDAC300B10433 /* Argo.framework */; };
		46FD211624ACDAC300B10433 /* Argo.framework in Embed Frameworks */ = {isa = PBXBuildFile; fileRef = 46FD211424ACDAC300B10433 /* Argo.framework */; settings = {ATTRIBUTES = (CodeSignOnCopy, RemoveHeadersOnCopy, ); }; };
		46FD211824ACE62200B10433 /* Curry.framework in Frameworks */ = {isa = PBXBuildFile; fileRef = 46FD211724ACE62200B10433 /* Curry.framework */; };
		46FD211924ACE62200B10433 /* Curry.framework in Embed Frameworks */ = {isa = PBXBuildFile; fileRef = 46FD211724ACE62200B10433 /* Curry.framework */; settings = {ATTRIBUTES = (CodeSignOnCopy, RemoveHeadersOnCopy, ); }; };
		46FD211B24ACE70700B10433 /* APIError.swift in Sources */ = {isa = PBXBuildFile; fileRef = 46FD211A24ACE70700B10433 /* APIError.swift */; };
		46FD211D24ACE97500B10433 /* APIHelper.swift in Sources */ = {isa = PBXBuildFile; fileRef = 46FD211C24ACE97500B10433 /* APIHelper.swift */; };
		46FD211F24ACEA1B00B10433 /* ReactiveMoya.framework in Frameworks */ = {isa = PBXBuildFile; fileRef = 46FD211E24ACEA1B00B10433 /* ReactiveMoya.framework */; };
		46FD212024ACEA1B00B10433 /* ReactiveMoya.framework in Embed Frameworks */ = {isa = PBXBuildFile; fileRef = 46FD211E24ACEA1B00B10433 /* ReactiveMoya.framework */; settings = {ATTRIBUTES = (CodeSignOnCopy, RemoveHeadersOnCopy, ); }; };
		46FD212224ACEA8700B10433 /* Runes.framework in Frameworks */ = {isa = PBXBuildFile; fileRef = 46FD212124ACEA8600B10433 /* Runes.framework */; };
		46FD212324ACEA8700B10433 /* Runes.framework in Embed Frameworks */ = {isa = PBXBuildFile; fileRef = 46FD212124ACEA8600B10433 /* Runes.framework */; settings = {ATTRIBUTES = (CodeSignOnCopy, RemoveHeadersOnCopy, ); }; };
/* End PBXBuildFile section */

/* Begin PBXContainerItemProxy section */
		463BF85E24AF9A7F0083A0F7 /* PBXContainerItemProxy */ = {
			isa = PBXContainerItemProxy;
			containerPortal = 46F35F0924ACAD1300DC92C3 /* Project object */;
			proxyType = 1;
			remoteGlobalIDString = 46F35F1024ACAD1300DC92C3;
			remoteInfo = MovieKita;
		};
/* End PBXContainerItemProxy section */

/* Begin PBXCopyFilesBuildPhase section */
		46F35F2F24ACB62D00DC92C3 /* Embed Frameworks */ = {
			isa = PBXCopyFilesBuildPhase;
			buildActionMask = 2147483647;
			dstPath = "";
			dstSubfolderSpec = 10;
			files = (
				463BF86E24B044B60083A0F7 /* KeychainSwift.framework in Embed Frameworks */,
				46FD211924ACE62200B10433 /* Curry.framework in Embed Frameworks */,
				46FD210524ACCE0F00B10433 /* ReactiveSwift.framework in Embed Frameworks */,
				46FD210424ACCE0C00B10433 /* RxSwift.framework in Embed Frameworks */,
				46FD210324ACCE0800B10433 /* Moya.framework in Embed Frameworks */,
				46F35F2C24ACB62D00DC92C3 /* netfox_ios.framework in Embed Frameworks */,
				462FB36124AEE317001A165F /* ESPullToRefresh.framework in Embed Frameworks */,
				46FD212024ACEA1B00B10433 /* ReactiveMoya.framework in Embed Frameworks */,
				46F35F2E24ACB62D00DC92C3 /* Alamofire.framework in Embed Frameworks */,
				46F35F3424ACBB5E00DC92C3 /* Kingfisher.framework in Embed Frameworks */,
				46FD212324ACEA8700B10433 /* Runes.framework in Embed Frameworks */,
				46FD211624ACDAC300B10433 /* Argo.framework in Embed Frameworks */,
			);
			name = "Embed Frameworks";
			runOnlyForDeploymentPostprocessing = 0;
		};
/* End PBXCopyFilesBuildPhase section */

/* Begin PBXFileReference section */
		462FB35224AE0BDA001A165F /* NavigationController.swift */ = {isa = PBXFileReference; lastKnownFileType = sourcecode.swift; path = NavigationController.swift; sourceTree = "<group>"; };
		462FB35424AE0C0B001A165F /* HomeViewController.swift */ = {isa = PBXFileReference; lastKnownFileType = sourcecode.swift; path = HomeViewController.swift; sourceTree = "<group>"; };
		462FB35B24AEC5BD001A165F /* Nimble.framework */ = {isa = PBXFileReference; lastKnownFileType = wrapper.framework; name = Nimble.framework; path = Carthage/Build/iOS/Nimble.framework; sourceTree = "<group>"; };
		462FB35F24AEE317001A165F /* ESPullToRefresh.framework */ = {isa = PBXFileReference; lastKnownFileType = wrapper.framework; name = ESPullToRefresh.framework; path = Carthage/Build/iOS/ESPullToRefresh.framework; sourceTree = "<group>"; };
		463BF85924AF9A7F0083A0F7 /* MovieKitaTests.xctest */ = {isa = PBXFileReference; explicitFileType = wrapper.cfbundle; includeInIndex = 0; path = MovieKitaTests.xctest; sourceTree = BUILT_PRODUCTS_DIR; };
		463BF85B24AF9A7F0083A0F7 /* MovieKitaTests.swift */ = {isa = PBXFileReference; lastKnownFileType = sourcecode.swift; path = MovieKitaTests.swift; sourceTree = "<group>"; };
		463BF85D24AF9A7F0083A0F7 /* Info.plist */ = {isa = PBXFileReference; lastKnownFileType = text.plist.xml; path = Info.plist; sourceTree = "<group>"; };
		463BF86624AF9BB70083A0F7 /* HomeViewModelSpec.swift */ = {isa = PBXFileReference; lastKnownFileType = sourcecode.swift; path = HomeViewModelSpec.swift; sourceTree = "<group>"; };
		463BF86C24B044B60083A0F7 /* KeychainSwift.framework */ = {isa = PBXFileReference; lastKnownFileType = wrapper.framework; name = KeychainSwift.framework; path = Carthage/Build/iOS/KeychainSwift.framework; sourceTree = "<group>"; };
		463BF87024B045270083A0F7 /* CacheStorage.swift */ = {isa = PBXFileReference; lastKnownFileType = sourcecode.swift; path = CacheStorage.swift; sourceTree = "<group>"; };
		4685756724AF400500726589 /* DetailMovieView.xib */ = {isa = PBXFileReference; lastKnownFileType = file.xib; path = DetailMovieView.xib; sourceTree = "<group>"; };
		4685756924AF404400726589 /* DetailMovieView.swift */ = {isa = PBXFileReference; lastKnownFileType = sourcecode.swift; path = DetailMovieView.swift; sourceTree = "<group>"; };
		4685756B24AF512300726589 /* HomeDetailViewController.swift */ = {isa = PBXFileReference; lastKnownFileType = sourcecode.swift; path = HomeDetailViewController.swift; sourceTree = "<group>"; };
		4685756D24AF62B700726589 /* ReviewMovieCell.xib */ = {isa = PBXFileReference; lastKnownFileType = file.xib; path = ReviewMovieCell.xib; sourceTree = "<group>"; };
		4685756F24AF634100726589 /* ReviewMovieCell.swift */ = {isa = PBXFileReference; lastKnownFileType = sourcecode.swift; path = ReviewMovieCell.swift; sourceTree = "<group>"; };
		468AD9B924AEEAC2004B2953 /* Quick.framework */ = {isa = PBXFileReference; lastKnownFileType = wrapper.framework; name = Quick.framework; path = Carthage/Build/iOS/Quick.framework; sourceTree = "<group>"; };
		46EA175124AD7D7A0062E334 /* Movie.swift */ = {isa = PBXFileReference; lastKnownFileType = sourcecode.swift; path = Movie.swift; sourceTree = "<group>"; };
		46EA175524ADBCAF0062E334 /* ViewModel.swift */ = {isa = PBXFileReference; lastKnownFileType = sourcecode.swift; path = ViewModel.swift; sourceTree = "<group>"; };
		46EA175724ADBD470062E334 /* Helper.swift */ = {isa = PBXFileReference; lastKnownFileType = sourcecode.swift; path = Helper.swift; sourceTree = "<group>"; };
		46EA175924ADBE070062E334 /* CollectionViewBindingUtil.swift */ = {isa = PBXFileReference; lastKnownFileType = sourcecode.swift; path = CollectionViewBindingUtil.swift; sourceTree = "<group>"; };
		46EA175B24ADBE630062E334 /* SectionedSourceProtocol.swift */ = {isa = PBXFileReference; lastKnownFileType = sourcecode.swift; path = SectionedSourceProtocol.swift; sourceTree = "<group>"; };
		46EA175D24ADBFE10062E334 /* FactoryProtocol.swift */ = {isa = PBXFileReference; lastKnownFileType = sourcecode.swift; path = FactoryProtocol.swift; sourceTree = "<group>"; };
		46EA176024ADC2F60062E334 /* MainMovieCell.xib */ = {isa = PBXFileReference; lastKnownFileType = file.xib; path = MainMovieCell.xib; sourceTree = "<group>"; };
		46EA176224ADDC9B0062E334 /* MainMovieCell.swift */ = {isa = PBXFileReference; lastKnownFileType = sourcecode.swift; path = MainMovieCell.swift; sourceTree = "<group>"; };
		46F35F1124ACAD1300DC92C3 /* MovieKita.app */ = {isa = PBXFileReference; explicitFileType = wrapper.application; includeInIndex = 0; path = MovieKita.app; sourceTree = BUILT_PRODUCTS_DIR; };
		46F35F1424ACAD1300DC92C3 /* AppDelegate.swift */ = {isa = PBXFileReference; lastKnownFileType = sourcecode.swift; path = AppDelegate.swift; sourceTree = "<group>"; };
		46F35F1624ACAD1300DC92C3 /* SceneDelegate.swift */ = {isa = PBXFileReference; lastKnownFileType = sourcecode.swift; path = SceneDelegate.swift; sourceTree = "<group>"; };
		46F35F1824ACAD1300DC92C3 /* ViewController.swift */ = {isa = PBXFileReference; lastKnownFileType = sourcecode.swift; path = ViewController.swift; sourceTree = "<group>"; };
		46F35F1B24ACAD1300DC92C3 /* Base */ = {isa = PBXFileReference; lastKnownFileType = file.storyboard; name = Base; path = Base.lproj/Main.storyboard; sourceTree = "<group>"; };
		46F35F1D24ACAD1800DC92C3 /* Assets.xcassets */ = {isa = PBXFileReference; lastKnownFileType = folder.assetcatalog; path = Assets.xcassets; sourceTree = "<group>"; };
		46F35F2024ACAD1800DC92C3 /* Base */ = {isa = PBXFileReference; lastKnownFileType = file.storyboard; name = Base; path = Base.lproj/LaunchScreen.storyboard; sourceTree = "<group>"; };
		46F35F2224ACAD1800DC92C3 /* Info.plist */ = {isa = PBXFileReference; lastKnownFileType = text.plist.xml; path = Info.plist; sourceTree = "<group>"; };
		46F35F2924ACB62D00DC92C3 /* netfox_ios.framework */ = {isa = PBXFileReference; lastKnownFileType = wrapper.framework; name = netfox_ios.framework; path = Carthage/Build/iOS/netfox_ios.framework; sourceTree = "<group>"; };
		46F35F2A24ACB62D00DC92C3 /* Alamofire.framework */ = {isa = PBXFileReference; lastKnownFileType = wrapper.framework; name = Alamofire.framework; path = Carthage/Build/iOS/Alamofire.framework; sourceTree = "<group>"; };
		46F35F3324ACBB5E00DC92C3 /* Kingfisher.framework */ = {isa = PBXFileReference; lastKnownFileType = wrapper.framework; name = Kingfisher.framework; path = Carthage/Build/iOS/Kingfisher.framework; sourceTree = "<group>"; };
		46FD20FD24ACCD5200B10433 /* ReactiveSwift.framework */ = {isa = PBXFileReference; lastKnownFileType = wrapper.framework; name = ReactiveSwift.framework; path = Carthage/Build/iOS/ReactiveSwift.framework; sourceTree = "<group>"; };
		46FD20FF24ACCD5800B10433 /* RxSwift.framework */ = {isa = PBXFileReference; lastKnownFileType = wrapper.framework; name = RxSwift.framework; path = Carthage/Build/iOS/RxSwift.framework; sourceTree = "<group>"; };
		46FD210124ACCD6100B10433 /* Moya.framework */ = {isa = PBXFileReference; lastKnownFileType = wrapper.framework; name = Moya.framework; path = Carthage/Build/iOS/Moya.framework; sourceTree = "<group>"; };
		46FD210724ACCEBF00B10433 /* APIProvider.swift */ = {isa = PBXFileReference; lastKnownFileType = sourcecode.swift; path = APIProvider.swift; sourceTree = "<group>"; };
		46FD210924ACCF2500B10433 /* API.swift */ = {isa = PBXFileReference; lastKnownFileType = sourcecode.swift; path = API.swift; sourceTree = "<group>"; };
		46FD210B24ACCFCF00B10433 /* APIFactory.swift */ = {isa = PBXFileReference; lastKnownFileType = sourcecode.swift; path = APIFactory.swift; sourceTree = "<group>"; };
		46FD210D24ACD05A00B10433 /* Constants.swift */ = {isa = PBXFileReference; lastKnownFileType = sourcecode.swift; path = Constants.swift; sourceTree = "<group>"; };
		46FD210F24ACD24200B10433 /* ServiceAPI.swift */ = {isa = PBXFileReference; lastKnownFileType = sourcecode.swift; path = ServiceAPI.swift; sourceTree = "<group>"; };
		46FD211224ACD3C000B10433 /* Token.swift */ = {isa = PBXFileReference; lastKnownFileType = sourcecode.swift; path = Token.swift; sourceTree = "<group>"; };
		46FD211424ACDAC300B10433 /* Argo.framework */ = {isa = PBXFileReference; lastKnownFileType = wrapper.framework; name = Argo.framework; path = Carthage/Build/iOS/Argo.framework; sourceTree = "<group>"; };
		46FD211724ACE62200B10433 /* Curry.framework */ = {isa = PBXFileReference; lastKnownFileType = wrapper.framework; name = Curry.framework; path = Carthage/Build/iOS/Curry.framework; sourceTree = "<group>"; };
		46FD211A24ACE70700B10433 /* APIError.swift */ = {isa = PBXFileReference; lastKnownFileType = sourcecode.swift; path = APIError.swift; sourceTree = "<group>"; };
		46FD211C24ACE97500B10433 /* APIHelper.swift */ = {isa = PBXFileReference; lastKnownFileType = sourcecode.swift; path = APIHelper.swift; sourceTree = "<group>"; };
		46FD211E24ACEA1B00B10433 /* ReactiveMoya.framework */ = {isa = PBXFileReference; lastKnownFileType = wrapper.framework; name = ReactiveMoya.framework; path = Carthage/Build/iOS/ReactiveMoya.framework; sourceTree = "<group>"; };
		46FD212124ACEA8600B10433 /* Runes.framework */ = {isa = PBXFileReference; lastKnownFileType = wrapper.framework; name = Runes.framework; path = Carthage/Build/iOS/Runes.framework; sourceTree = "<group>"; };
		46FD212424AD044200B10433 /* KeychainAccess.framework */ = {isa = PBXFileReference; lastKnownFileType = wrapper.framework; name = KeychainAccess.framework; path = Carthage/Build/iOS/KeychainAccess.framework; sourceTree = "<group>"; };
/* End PBXFileReference section */

/* Begin PBXFrameworksBuildPhase section */
		463BF85624AF9A7F0083A0F7 /* Frameworks */ = {
			isa = PBXFrameworksBuildPhase;
			buildActionMask = 2147483647;
			files = (
				463BF86424AF9B2B0083A0F7 /* Quick.framework in Frameworks */,
				463BF86524AF9B320083A0F7 /* Nimble.framework in Frameworks */,
			);
			runOnlyForDeploymentPostprocessing = 0;
		};
		46F35F0E24ACAD1300DC92C3 /* Frameworks */ = {
			isa = PBXFrameworksBuildPhase;
			buildActionMask = 2147483647;
			files = (
				463BF86D24B044B60083A0F7 /* KeychainSwift.framework in Frameworks */,
				46FD211824ACE62200B10433 /* Curry.framework in Frameworks */,
				46F35F2B24ACB62D00DC92C3 /* netfox_ios.framework in Frameworks */,
				46F35F2D24ACB62D00DC92C3 /* Alamofire.framework in Frameworks */,
				464F098F24ACBF2100EA7C14 /* Kingfisher.framework in Frameworks */,
				46FD20FE24ACCD5200B10433 /* ReactiveSwift.framework in Frameworks */,
				462FB36024AEE317001A165F /* ESPullToRefresh.framework in Frameworks */,
				46FD211F24ACEA1B00B10433 /* ReactiveMoya.framework in Frameworks */,
				46FD210024ACCD5800B10433 /* RxSwift.framework in Frameworks */,
				46FD210224ACCD6100B10433 /* Moya.framework in Frameworks */,
				46FD212224ACEA8700B10433 /* Runes.framework in Frameworks */,
				46FD211524ACDAC300B10433 /* Argo.framework in Frameworks */,
			);
			runOnlyForDeploymentPostprocessing = 0;
		};
/* End PBXFrameworksBuildPhase section */

/* Begin PBXGroup section */
		462FB35124AE0BC1001A165F /* Controllers */ = {
			isa = PBXGroup;
			children = (
				462FB35224AE0BDA001A165F /* NavigationController.swift */,
				462FB35424AE0C0B001A165F /* HomeViewController.swift */,
				4685756B24AF512300726589 /* HomeDetailViewController.swift */,
			);
			path = Controllers;
			sourceTree = "<group>";
		};
		463BF85A24AF9A7F0083A0F7 /* MovieKitaTests */ = {
			isa = PBXGroup;
			children = (
				463BF85B24AF9A7F0083A0F7 /* MovieKitaTests.swift */,
				463BF85D24AF9A7F0083A0F7 /* Info.plist */,
				463BF86624AF9BB70083A0F7 /* HomeViewModelSpec.swift */,
			);
			path = MovieKitaTests;
			sourceTree = "<group>";
		};
		463BF86F24B0450E0083A0F7 /* Storage */ = {
			isa = PBXGroup;
			children = (
				463BF87024B045270083A0F7 /* CacheStorage.swift */,
			);
			path = Storage;
			sourceTree = "<group>";
		};
		46EA175424ADBC970062E334 /* Utils */ = {
			isa = PBXGroup;
			children = (
				46EA175524ADBCAF0062E334 /* ViewModel.swift */,
				46EA175724ADBD470062E334 /* Helper.swift */,
				46EA175924ADBE070062E334 /* CollectionViewBindingUtil.swift */,
				46EA175B24ADBE630062E334 /* SectionedSourceProtocol.swift */,
				46EA175D24ADBFE10062E334 /* FactoryProtocol.swift */,
			);
			path = Utils;
			sourceTree = "<group>";
		};
		46EA175F24ADC2C20062E334 /* Views */ = {
			isa = PBXGroup;
			children = (
				46EA176024ADC2F60062E334 /* MainMovieCell.xib */,
				46EA176224ADDC9B0062E334 /* MainMovieCell.swift */,
				4685756724AF400500726589 /* DetailMovieView.xib */,
				4685756924AF404400726589 /* DetailMovieView.swift */,
				4685756D24AF62B700726589 /* ReviewMovieCell.xib */,
				4685756F24AF634100726589 /* ReviewMovieCell.swift */,
			);
			path = Views;
			sourceTree = "<group>";
		};
		46F35F0824ACAD1300DC92C3 = {
			isa = PBXGroup;
			children = (
				46F35F1324ACAD1300DC92C3 /* MovieKita */,
				463BF85A24AF9A7F0083A0F7 /* MovieKitaTests */,
				46F35F1224ACAD1300DC92C3 /* Products */,
				46F35F2824ACB62D00DC92C3 /* Frameworks */,
			);
			sourceTree = "<group>";
		};
		46F35F1224ACAD1300DC92C3 /* Products */ = {
			isa = PBXGroup;
			children = (
				46F35F1124ACAD1300DC92C3 /* MovieKita.app */,
				463BF85924AF9A7F0083A0F7 /* MovieKitaTests.xctest */,
			);
			name = Products;
			sourceTree = "<group>";
		};
		46F35F1324ACAD1300DC92C3 /* MovieKita */ = {
			isa = PBXGroup;
			children = (
				463BF86F24B0450E0083A0F7 /* Storage */,
				462FB35124AE0BC1001A165F /* Controllers */,
				46EA175F24ADC2C20062E334 /* Views */,
				46EA175424ADBC970062E334 /* Utils */,
				46FD211124ACD3A400B10433 /* Models */,
				46FD210624ACCE9600B10433 /* API */,
				46F35F1424ACAD1300DC92C3 /* AppDelegate.swift */,
				46F35F1624ACAD1300DC92C3 /* SceneDelegate.swift */,
				46F35F1824ACAD1300DC92C3 /* ViewController.swift */,
				46F35F1A24ACAD1300DC92C3 /* Main.storyboard */,
				46F35F1D24ACAD1800DC92C3 /* Assets.xcassets */,
				46F35F1F24ACAD1800DC92C3 /* LaunchScreen.storyboard */,
				46F35F2224ACAD1800DC92C3 /* Info.plist */,
			);
			path = MovieKita;
			sourceTree = "<group>";
		};
		46F35F2824ACB62D00DC92C3 /* Frameworks */ = {
			isa = PBXGroup;
			children = (
				463BF86C24B044B60083A0F7 /* KeychainSwift.framework */,
				468AD9B924AEEAC2004B2953 /* Quick.framework */,
				462FB35F24AEE317001A165F /* ESPullToRefresh.framework */,
				462FB35B24AEC5BD001A165F /* Nimble.framework */,
				46FD212424AD044200B10433 /* KeychainAccess.framework */,
				46FD212124ACEA8600B10433 /* Runes.framework */,
				46FD211E24ACEA1B00B10433 /* ReactiveMoya.framework */,
				46FD211724ACE62200B10433 /* Curry.framework */,
				46FD211424ACDAC300B10433 /* Argo.framework */,
				46FD210124ACCD6100B10433 /* Moya.framework */,
				46FD20FF24ACCD5800B10433 /* RxSwift.framework */,
				46FD20FD24ACCD5200B10433 /* ReactiveSwift.framework */,
				46F35F3324ACBB5E00DC92C3 /* Kingfisher.framework */,
				46F35F2A24ACB62D00DC92C3 /* Alamofire.framework */,
				46F35F2924ACB62D00DC92C3 /* netfox_ios.framework */,
			);
			name = Frameworks;
			sourceTree = "<group>";
		};
		46FD210624ACCE9600B10433 /* API */ = {
			isa = PBXGroup;
			children = (
				46FD210724ACCEBF00B10433 /* APIProvider.swift */,
				46FD210924ACCF2500B10433 /* API.swift */,
				46FD210B24ACCFCF00B10433 /* APIFactory.swift */,
				46FD210D24ACD05A00B10433 /* Constants.swift */,
				46FD210F24ACD24200B10433 /* ServiceAPI.swift */,
				46FD211A24ACE70700B10433 /* APIError.swift */,
				46FD211C24ACE97500B10433 /* APIHelper.swift */,
			);
			path = API;
			sourceTree = "<group>";
		};
		46FD211124ACD3A400B10433 /* Models */ = {
			isa = PBXGroup;
			children = (
				46FD211224ACD3C000B10433 /* Token.swift */,
				46EA175124AD7D7A0062E334 /* Movie.swift */,
			);
			path = Models;
			sourceTree = "<group>";
		};
/* End PBXGroup section */

/* Begin PBXNativeTarget section */
		463BF85824AF9A7F0083A0F7 /* MovieKitaTests */ = {
			isa = PBXNativeTarget;
			buildConfigurationList = 463BF86224AF9A7F0083A0F7 /* Build configuration list for PBXNativeTarget "MovieKitaTests" */;
			buildPhases = (
				463BF85524AF9A7F0083A0F7 /* Sources */,
				463BF85624AF9A7F0083A0F7 /* Frameworks */,
				463BF85724AF9A7F0083A0F7 /* Resources */,
				463BF86324AF9AD40083A0F7 /* ShellScript */,
			);
			buildRules = (
			);
			dependencies = (
				463BF85F24AF9A7F0083A0F7 /* PBXTargetDependency */,
			);
			name = MovieKitaTests;
			productName = MovieKitaTests;
			productReference = 463BF85924AF9A7F0083A0F7 /* MovieKitaTests.xctest */;
			productType = "com.apple.product-type.bundle.unit-test";
		};
		46F35F1024ACAD1300DC92C3 /* MovieKita */ = {
			isa = PBXNativeTarget;
			buildConfigurationList = 46F35F2524ACAD1800DC92C3 /* Build configuration list for PBXNativeTarget "MovieKita" */;
			buildPhases = (
				46F35F0D24ACAD1300DC92C3 /* Sources */,
				46F35F0E24ACAD1300DC92C3 /* Frameworks */,
				46F35F0F24ACAD1300DC92C3 /* Resources */,
				46F35F2F24ACB62D00DC92C3 /* Embed Frameworks */,
				46F35F3024ACB67E00DC92C3 /* Carthage */,
			);
			buildRules = (
			);
			dependencies = (
			);
			name = MovieKita;
			productName = MovieKita;
			productReference = 46F35F1124ACAD1300DC92C3 /* MovieKita.app */;
			productType = "com.apple.product-type.application";
		};
/* End PBXNativeTarget section */

/* Begin PBXProject section */
		46F35F0924ACAD1300DC92C3 /* Project object */ = {
			isa = PBXProject;
			attributes = {
				LastSwiftUpdateCheck = 1130;
				LastUpgradeCheck = 1130;
				ORGANIZATIONNAME = "Stevanus Prasetyo Soemadi";
				TargetAttributes = {
					463BF85824AF9A7F0083A0F7 = {
						CreatedOnToolsVersion = 11.3.1;
						TestTargetID = 46F35F1024ACAD1300DC92C3;
					};
					46F35F1024ACAD1300DC92C3 = {
						CreatedOnToolsVersion = 11.3.1;
					};
				};
			};
			buildConfigurationList = 46F35F0C24ACAD1300DC92C3 /* Build configuration list for PBXProject "MovieKita" */;
			compatibilityVersion = "Xcode 9.3";
			developmentRegion = en;
			hasScannedForEncodings = 0;
			knownRegions = (
				en,
				Base,
			);
			mainGroup = 46F35F0824ACAD1300DC92C3;
			productRefGroup = 46F35F1224ACAD1300DC92C3 /* Products */;
			projectDirPath = "";
			projectRoot = "";
			targets = (
				46F35F1024ACAD1300DC92C3 /* MovieKita */,
				463BF85824AF9A7F0083A0F7 /* MovieKitaTests */,
			);
		};
/* End PBXProject section */

/* Begin PBXResourcesBuildPhase section */
		463BF85724AF9A7F0083A0F7 /* Resources */ = {
			isa = PBXResourcesBuildPhase;
			buildActionMask = 2147483647;
			files = (
			);
			runOnlyForDeploymentPostprocessing = 0;
		};
		46F35F0F24ACAD1300DC92C3 /* Resources */ = {
			isa = PBXResourcesBuildPhase;
			buildActionMask = 2147483647;
			files = (
				46F35F2124ACAD1800DC92C3 /* LaunchScreen.storyboard in Resources */,
				4685756824AF400600726589 /* DetailMovieView.xib in Resources */,
				46F35F1E24ACAD1800DC92C3 /* Assets.xcassets in Resources */,
				4685756E24AF62B700726589 /* ReviewMovieCell.xib in Resources */,
				46F35F1C24ACAD1300DC92C3 /* Main.storyboard in Resources */,
				46EA176124ADC2F60062E334 /* MainMovieCell.xib in Resources */,
			);
			runOnlyForDeploymentPostprocessing = 0;
		};
/* End PBXResourcesBuildPhase section */

/* Begin PBXShellScriptBuildPhase section */
		463BF86324AF9AD40083A0F7 /* ShellScript */ = {
			isa = PBXShellScriptBuildPhase;
			buildActionMask = 2147483647;
			files = (
			);
			inputFileListPaths = (
			);
			inputPaths = (
				"$(SRCROOT)/Carthage/Build/iOS/Quick.framework",
				"$(SRCROOT)/Carthage/Build/iOS/Nimble.framework",
			);
			outputFileListPaths = (
			);
			outputPaths = (
			);
			runOnlyForDeploymentPostprocessing = 0;
			shellPath = /bin/sh;
			shellScript = "carthage copy-frameworks\n";
		};
		46F35F3024ACB67E00DC92C3 /* Carthage */ = {
			isa = PBXShellScriptBuildPhase;
			buildActionMask = 12;
			files = (
			);
			inputFileListPaths = (
			);
			inputPaths = (
				"$(SRCROOT)/Carthage/Build/iOS/Alamofire.framework",
				"$(SRCROOT)/Carthage/Build/iOS/netfox_ios.framework",
				"$(SRCROOT)/Carthage/Build/iOS/Kingfisher.framework",
				"$(SRCROOT)/Carthage/Build/iOS/ReactiveSwift.framework",
				"$(SRCROOT)/Carthage/Build/iOS/Moya.framework",
				"$(SRCROOT)/Carthage/Build/iOS/RxSwift.framework",
				"$(SRCROOT)/Carthage/Build/iOS/Argo.framework",
				"$(SRCROOT)/Carthage/Build/iOS/Curry.framework",
				"$(SRCROOT)/Carthage/Build/iOS/ReactiveMoya.framework",
				"$(SRCROOT)/Carthage/Build/iOS/Runes.framework",
				"$(SRCROOT)/Carthage/Build/iOS/ESPullToRefresh.framework",
				"$(SRCROOT)/Carthage/Build/iOS/KeychainSwift.framework",
			);
			name = Carthage;
			outputFileListPaths = (
			);
			outputPaths = (
				"",
			);
			runOnlyForDeploymentPostprocessing = 0;
			shellPath = /bin/sh;
			shellScript = "carthage copy-frameworks\n";
		};
/* End PBXShellScriptBuildPhase section */

/* Begin PBXSourcesBuildPhase section */
		463BF85524AF9A7F0083A0F7 /* Sources */ = {
			isa = PBXSourcesBuildPhase;
			buildActionMask = 2147483647;
			files = (
				463BF86724AF9BB70083A0F7 /* HomeViewModelSpec.swift in Sources */,
				463BF85C24AF9A7F0083A0F7 /* MovieKitaTests.swift in Sources */,
			);
			runOnlyForDeploymentPostprocessing = 0;
		};
		46F35F0D24ACAD1300DC92C3 /* Sources */ = {
			isa = PBXSourcesBuildPhase;
			buildActionMask = 2147483647;
			files = (
				46FD211324ACD3C000B10433 /* Token.swift in Sources */,
				46EA176324ADDC9B0062E334 /* MainMovieCell.swift in Sources */,
				4685756A24AF404400726589 /* DetailMovieView.swift in Sources */,
				46EA175824ADBD470062E334 /* Helper.swift in Sources */,
				46F35F1924ACAD1300DC92C3 /* ViewController.swift in Sources */,
				46EA175224AD7D7A0062E334 /* Movie.swift in Sources */,
				46F35F1524ACAD1300DC92C3 /* AppDelegate.swift in Sources */,
				46FD211B24ACE70700B10433 /* APIError.swift in Sources */,
				46FD210824ACCEBF00B10433 /* APIProvider.swift in Sources */,
				46EA175624ADBCAF0062E334 /* ViewModel.swift in Sources */,
				46EA175E24ADBFE10062E334 /* FactoryProtocol.swift in Sources */,
				46F35F1724ACAD1300DC92C3 /* SceneDelegate.swift in Sources */,
				46EA175C24ADBE630062E334 /* SectionedSourceProtocol.swift in Sources */,
				462FB35324AE0BDA001A165F /* NavigationController.swift in Sources */,
				463BF87124B045270083A0F7 /* CacheStorage.swift in Sources */,
				46FD210E24ACD05A00B10433 /* Constants.swift in Sources */,
				46FD210A24ACCF2500B10433 /* API.swift in Sources */,
				462FB35524AE0C0B001A165F /* HomeViewController.swift in Sources */,
				4685757024AF634100726589 /* ReviewMovieCell.swift in Sources */,
				46FD211024ACD24200B10433 /* ServiceAPI.swift in Sources */,
				4685756C24AF512300726589 /* HomeDetailViewController.swift in Sources */,
				46FD211D24ACE97500B10433 /* APIHelper.swift in Sources */,
				46EA175A24ADBE070062E334 /* CollectionViewBindingUtil.swift in Sources */,
				46FD210C24ACCFCF00B10433 /* APIFactory.swift in Sources */,
			);
			runOnlyForDeploymentPostprocessing = 0;
		};
/* End PBXSourcesBuildPhase section */

/* Begin PBXTargetDependency section */
		463BF85F24AF9A7F0083A0F7 /* PBXTargetDependency */ = {
			isa = PBXTargetDependency;
			target = 46F35F1024ACAD1300DC92C3 /* MovieKita */;
			targetProxy = 463BF85E24AF9A7F0083A0F7 /* PBXContainerItemProxy */;
		};
/* End PBXTargetDependency section */

/* Begin PBXVariantGroup section */
		46F35F1A24ACAD1300DC92C3 /* Main.storyboard */ = {
			isa = PBXVariantGroup;
			children = (
				46F35F1B24ACAD1300DC92C3 /* Base */,
			);
			name = Main.storyboard;
			sourceTree = "<group>";
		};
		46F35F1F24ACAD1800DC92C3 /* LaunchScreen.storyboard */ = {
			isa = PBXVariantGroup;
			children = (
				46F35F2024ACAD1800DC92C3 /* Base */,
			);
			name = LaunchScreen.storyboard;
			sourceTree = "<group>";
		};
/* End PBXVariantGroup section */

/* Begin XCBuildConfiguration section */
		463BF86024AF9A7F0083A0F7 /* Debug */ = {
			isa = XCBuildConfiguration;
			buildSettings = {
				BUNDLE_LOADER = "$(TEST_HOST)";
				CODE_SIGN_STYLE = Automatic;
				DEVELOPMENT_TEAM = 7PC2NP6GC3;
				FRAMEWORK_SEARCH_PATHS = (
					"$(inherited)",
					"$(PROJECT_DIR)/Carthage/Build/iOS",
				);
				INFOPLIST_FILE = MovieKitaTests/Info.plist;
				LD_RUNPATH_SEARCH_PATHS = (
					"$(inherited)",
					"@executable_path/Frameworks",
					"@loader_path/Frameworks",
				);
				PRODUCT_BUNDLE_IDENTIFIER = com.testflight.MovieKitaTests;
				PRODUCT_NAME = "$(TARGET_NAME)";
				SWIFT_VERSION = 5.0;
				TARGETED_DEVICE_FAMILY = "1,2";
				TEST_HOST = "$(BUILT_PRODUCTS_DIR)/MovieKita.app/MovieKita";
			};
			name = Debug;
		};
		463BF86124AF9A7F0083A0F7 /* Release */ = {
			isa = XCBuildConfiguration;
			buildSettings = {
				BUNDLE_LOADER = "$(TEST_HOST)";
				CODE_SIGN_STYLE = Automatic;
				DEVELOPMENT_TEAM = 7PC2NP6GC3;
				FRAMEWORK_SEARCH_PATHS = (
					"$(inherited)",
					"$(PROJECT_DIR)/Carthage/Build/iOS",
				);
				INFOPLIST_FILE = MovieKitaTests/Info.plist;
				LD_RUNPATH_SEARCH_PATHS = (
					"$(inherited)",
					"@executable_path/Frameworks",
					"@loader_path/Frameworks",
				);
				PRODUCT_BUNDLE_IDENTIFIER = com.testflight.MovieKitaTests;
				PRODUCT_NAME = "$(TARGET_NAME)";
				SWIFT_VERSION = 5.0;
				TARGETED_DEVICE_FAMILY = "1,2";
				TEST_HOST = "$(BUILT_PRODUCTS_DIR)/MovieKita.app/MovieKita";
			};
			name = Release;
		};
		46F35F2324ACAD1800DC92C3 /* Debug */ = {
			isa = XCBuildConfiguration;
			buildSettings = {
				ALWAYS_SEARCH_USER_PATHS = NO;
				CLANG_ANALYZER_NONNULL = YES;
				CLANG_ANALYZER_NUMBER_OBJECT_CONVERSION = YES_AGGRESSIVE;
				CLANG_CXX_LANGUAGE_STANDARD = "gnu++14";
				CLANG_CXX_LIBRARY = "libc++";
				CLANG_ENABLE_MODULES = YES;
				CLANG_ENABLE_OBJC_ARC = YES;
				CLANG_ENABLE_OBJC_WEAK = YES;
				CLANG_WARN_BLOCK_CAPTURE_AUTORELEASING = YES;
				CLANG_WARN_BOOL_CONVERSION = YES;
				CLANG_WARN_COMMA = YES;
				CLANG_WARN_CONSTANT_CONVERSION = YES;
				CLANG_WARN_DEPRECATED_OBJC_IMPLEMENTATIONS = YES;
				CLANG_WARN_DIRECT_OBJC_ISA_USAGE = YES_ERROR;
				CLANG_WARN_DOCUMENTATION_COMMENTS = YES;
				CLANG_WARN_EMPTY_BODY = YES;
				CLANG_WARN_ENUM_CONVERSION = YES;
				CLANG_WARN_INFINITE_RECURSION = YES;
				CLANG_WARN_INT_CONVERSION = YES;
				CLANG_WARN_NON_LITERAL_NULL_CONVERSION = YES;
				CLANG_WARN_OBJC_IMPLICIT_RETAIN_SELF = YES;
				CLANG_WARN_OBJC_LITERAL_CONVERSION = YES;
				CLANG_WARN_OBJC_ROOT_CLASS = YES_ERROR;
				CLANG_WARN_RANGE_LOOP_ANALYSIS = YES;
				CLANG_WARN_STRICT_PROTOTYPES = YES;
				CLANG_WARN_SUSPICIOUS_MOVE = YES;
				CLANG_WARN_UNGUARDED_AVAILABILITY = YES_AGGRESSIVE;
				CLANG_WARN_UNREACHABLE_CODE = YES;
				CLANG_WARN__DUPLICATE_METHOD_MATCH = YES;
				COPY_PHASE_STRIP = NO;
				DEBUG_INFORMATION_FORMAT = dwarf;
				ENABLE_STRICT_OBJC_MSGSEND = YES;
				ENABLE_TESTABILITY = YES;
				GCC_C_LANGUAGE_STANDARD = gnu11;
				GCC_DYNAMIC_NO_PIC = NO;
				GCC_NO_COMMON_BLOCKS = YES;
				GCC_OPTIMIZATION_LEVEL = 0;
				GCC_PREPROCESSOR_DEFINITIONS = (
					"DEBUG=1",
					"$(inherited)",
				);
				GCC_WARN_64_TO_32_BIT_CONVERSION = YES;
				GCC_WARN_ABOUT_RETURN_TYPE = YES_ERROR;
				GCC_WARN_UNDECLARED_SELECTOR = YES;
				GCC_WARN_UNINITIALIZED_AUTOS = YES_AGGRESSIVE;
				GCC_WARN_UNUSED_FUNCTION = YES;
				GCC_WARN_UNUSED_VARIABLE = YES;
				IPHONEOS_DEPLOYMENT_TARGET = 13.2;
				MTL_ENABLE_DEBUG_INFO = INCLUDE_SOURCE;
				MTL_FAST_MATH = YES;
				ONLY_ACTIVE_ARCH = YES;
				SDKROOT = iphoneos;
				SWIFT_ACTIVE_COMPILATION_CONDITIONS = DEBUG;
				SWIFT_OPTIMIZATION_LEVEL = "-Onone";
			};
			name = Debug;
		};
		46F35F2424ACAD1800DC92C3 /* Release */ = {
			isa = XCBuildConfiguration;
			buildSettings = {
				ALWAYS_SEARCH_USER_PATHS = NO;
				CLANG_ANALYZER_NONNULL = YES;
				CLANG_ANALYZER_NUMBER_OBJECT_CONVERSION = YES_AGGRESSIVE;
				CLANG_CXX_LANGUAGE_STANDARD = "gnu++14";
				CLANG_CXX_LIBRARY = "libc++";
				CLANG_ENABLE_MODULES = YES;
				CLANG_ENABLE_OBJC_ARC = YES;
				CLANG_ENABLE_OBJC_WEAK = YES;
				CLANG_WARN_BLOCK_CAPTURE_AUTORELEASING = YES;
				CLANG_WARN_BOOL_CONVERSION = YES;
				CLANG_WARN_COMMA = YES;
				CLANG_WARN_CONSTANT_CONVERSION = YES;
				CLANG_WARN_DEPRECATED_OBJC_IMPLEMENTATIONS = YES;
				CLANG_WARN_DIRECT_OBJC_ISA_USAGE = YES_ERROR;
				CLANG_WARN_DOCUMENTATION_COMMENTS = YES;
				CLANG_WARN_EMPTY_BODY = YES;
				CLANG_WARN_ENUM_CONVERSION = YES;
				CLANG_WARN_INFINITE_RECURSION = YES;
				CLANG_WARN_INT_CONVERSION = YES;
				CLANG_WARN_NON_LITERAL_NULL_CONVERSION = YES;
				CLANG_WARN_OBJC_IMPLICIT_RETAIN_SELF = YES;
				CLANG_WARN_OBJC_LITERAL_CONVERSION = YES;
				CLANG_WARN_OBJC_ROOT_CLASS = YES_ERROR;
				CLANG_WARN_RANGE_LOOP_ANALYSIS = YES;
				CLANG_WARN_STRICT_PROTOTYPES = YES;
				CLANG_WARN_SUSPICIOUS_MOVE = YES;
				CLANG_WARN_UNGUARDED_AVAILABILITY = YES_AGGRESSIVE;
				CLANG_WARN_UNREACHABLE_CODE = YES;
				CLANG_WARN__DUPLICATE_METHOD_MATCH = YES;
				COPY_PHASE_STRIP = NO;
				DEBUG_INFORMATION_FORMAT = "dwarf-with-dsym";
				ENABLE_NS_ASSERTIONS = NO;
				ENABLE_STRICT_OBJC_MSGSEND = YES;
				GCC_C_LANGUAGE_STANDARD = gnu11;
				GCC_NO_COMMON_BLOCKS = YES;
				GCC_WARN_64_TO_32_BIT_CONVERSION = YES;
				GCC_WARN_ABOUT_RETURN_TYPE = YES_ERROR;
				GCC_WARN_UNDECLARED_SELECTOR = YES;
				GCC_WARN_UNINITIALIZED_AUTOS = YES_AGGRESSIVE;
				GCC_WARN_UNUSED_FUNCTION = YES;
				GCC_WARN_UNUSED_VARIABLE = YES;
				IPHONEOS_DEPLOYMENT_TARGET = 13.2;
				MTL_ENABLE_DEBUG_INFO = NO;
				MTL_FAST_MATH = YES;
				SDKROOT = iphoneos;
				SWIFT_COMPILATION_MODE = wholemodule;
				SWIFT_OPTIMIZATION_LEVEL = "-O";
				VALIDATE_PRODUCT = YES;
			};
			name = Release;
		};
		46F35F2624ACAD1800DC92C3 /* Debug */ = {
			isa = XCBuildConfiguration;
			buildSettings = {
				ASSETCATALOG_COMPILER_APPICON_NAME = AppIcon;
				CODE_SIGN_STYLE = Automatic;
				DEVELOPMENT_TEAM = 7PC2NP6GC3;
				FRAMEWORK_SEARCH_PATHS = (
					"$(inherited)",
					"$(PROJECT_DIR)/Carthage/Build/iOS",
				);
				INFOPLIST_FILE = MovieKita/Info.plist;
				IPHONEOS_DEPLOYMENT_TARGET = 13.0;
				LD_RUNPATH_SEARCH_PATHS = (
					"$(inherited)",
					"@executable_path/Frameworks",
				);
				PRODUCT_BUNDLE_IDENTIFIER = com.testflight.MovieKita;
				PRODUCT_NAME = "$(TARGET_NAME)";
				SWIFT_VERSION = 5.0;
				TARGETED_DEVICE_FAMILY = 1;
			};
			name = Debug;
		};
		46F35F2724ACAD1800DC92C3 /* Release */ = {
			isa = XCBuildConfiguration;
			buildSettings = {
				ASSETCATALOG_COMPILER_APPICON_NAME = AppIcon;
				CODE_SIGN_STYLE = Automatic;
				DEVELOPMENT_TEAM = 7PC2NP6GC3;
				FRAMEWORK_SEARCH_PATHS = (
					"$(inherited)",
					"$(PROJECT_DIR)/Carthage/Build/iOS",
				);
				INFOPLIST_FILE = MovieKita/Info.plist;
				IPHONEOS_DEPLOYMENT_TARGET = 13.0;
				LD_RUNPATH_SEARCH_PATHS = (
					"$(inherited)",
					"@executable_path/Frameworks",
				);
				PRODUCT_BUNDLE_IDENTIFIER = com.testflight.MovieKita;
				PRODUCT_NAME = "$(TARGET_NAME)";
				SWIFT_VERSION = 5.0;
				TARGETED_DEVICE_FAMILY = 1;
			};
			name = Release;
		};
/* End XCBuildConfiguration section */

/* Begin XCConfigurationList section */
		463BF86224AF9A7F0083A0F7 /* Build configuration list for PBXNativeTarget "MovieKitaTests" */ = {
			isa = XCConfigurationList;
			buildConfigurations = (
				463BF86024AF9A7F0083A0F7 /* Debug */,
				463BF86124AF9A7F0083A0F7 /* Release */,
			);
			defaultConfigurationIsVisible = 0;
			defaultConfigurationName = Release;
		};
		46F35F0C24ACAD1300DC92C3 /* Build configuration list for PBXProject "MovieKita" */ = {
			isa = XCConfigurationList;
			buildConfigurations = (
				46F35F2324ACAD1800DC92C3 /* Debug */,
				46F35F2424ACAD1800DC92C3 /* Release */,
			);
			defaultConfigurationIsVisible = 0;
			defaultConfigurationName = Release;
		};
		46F35F2524ACAD1800DC92C3 /* Build configuration list for PBXNativeTarget "MovieKita" */ = {
			isa = XCConfigurationList;
			buildConfigurations = (
				46F35F2624ACAD1800DC92C3 /* Debug */,
				46F35F2724ACAD1800DC92C3 /* Release */,
			);
			defaultConfigurationIsVisible = 0;
			defaultConfigurationName = Release;
		};
/* End XCConfigurationList section */
	};
	rootObject = 46F35F0924ACAD1300DC92C3 /* Project object */;
}
